
Microsoft Visual Studio Solution File, Format Version 12.00
# Visual Studio Version 17
VisualStudioVersion = 17.3.32901.215
MinimumVisualStudioVersion = 10.0.40219.1
Project("{9A19103F-16F7-4668-BE54-9A1E7A4F7556}") = "Product.Adm.API", "src\Product.Adm.API\Product.Adm.API.csproj", "{282F6D84-9F2A-4F02-86BB-BF5FC3A6D5F7}"
EndProject
Project("{9A19103F-16F7-4668-BE54-9A1E7A4F7556}") = "@Shared", "src\@Shared\@Shared.csproj", "{120DCFED-6EA6-4ACC-94F5-4A095D040765}"
EndProject
Project("{9A19103F-16F7-4668-BE54-9A1E7A4F7556}") = "Product.Adm", "src\Product.Adm\Product.Adm.csproj", "{2ED9E5C6-6DBF-4B25-9490-92B93A5374ED}"
EndProject
Project("{9A19103F-16F7-4668-BE54-9A1E7A4F7556}") = "MonolithTests", "tests\MonolithTests\MonolithTests.csproj", "{0660AFB9-3827-4BBA-A674-AA3049AAD293}"
EndProject
Project("{9A19103F-16F7-4668-BE54-9A1E7A4F7556}") = "InfraStructure", "src\InfraStructure\InfraStructure.csproj", "{EABE8A1E-EE3B-473F-A22A-BA0C879A832C}"
EndProject
Project("{9A19103F-16F7-4668-BE54-9A1E7A4F7556}") = "Store.Catalog", "src\Store.Catalog\Store.Catalog.csproj", "{0F88B055-AD63-44DE-AD9B-E10F8F757BFB}"
EndProject
Project("{9A19103F-16F7-4668-BE54-9A1E7A4F7556}") = "Client.Adm", "src\Client.Adm\Client.Adm.csproj", "{2F7AFADB-D4C7-4E45-9A79-1B7C84804BAE}"
EndProject
Project("{FAE04EC0-301F-11D3-BF4B-00C04F79EFBC}") = "Payment", "src\Payment\Payment.csproj", "{1B179880-12D6-4012-90B2-1E37056A290E}"
EndProject
Project("{FAE04EC0-301F-11D3-BF4B-00C04F79EFBC}") = "Invoice", "src\Invoice\Invoice.csproj", "{BDB71F55-AB3B-40BF-9232-4DAAA3545813}"
EndProject
Global
	GlobalSection(SolutionConfigurationPlatforms) = preSolution
		Debug|Any CPU = Debug|Any CPU
		Release|Any CPU = Release|Any CPU
	EndGlobalSection
	GlobalSection(ProjectConfigurationPlatforms) = postSolution
		{282F6D84-9F2A-4F02-86BB-BF5FC3A6D5F7}.Debug|Any CPU.ActiveCfg = Debug|Any CPU
		{282F6D84-9F2A-4F02-86BB-BF5FC3A6D5F7}.Debug|Any CPU.Build.0 = Debug|Any CPU
		{282F6D84-9F2A-4F02-86BB-BF5FC3A6D5F7}.Release|Any CPU.ActiveCfg = Release|Any CPU
		{282F6D84-9F2A-4F02-86BB-BF5FC3A6D5F7}.Release|Any CPU.Build.0 = Release|Any CPU
		{120DCFED-6EA6-4ACC-94F5-4A095D040765}.Debug|Any CPU.ActiveCfg = Debug|Any CPU
		{120DCFED-6EA6-4ACC-94F5-4A095D040765}.Debug|Any CPU.Build.0 = Debug|Any CPU
		{120DCFED-6EA6-4ACC-94F5-4A095D040765}.Release|Any CPU.ActiveCfg = Release|Any CPU
		{120DCFED-6EA6-4ACC-94F5-4A095D040765}.Release|Any CPU.Build.0 = Release|Any CPU
		{2ED9E5C6-6DBF-4B25-9490-92B93A5374ED}.Debug|Any CPU.ActiveCfg = Debug|Any CPU
		{2ED9E5C6-6DBF-4B25-9490-92B93A5374ED}.Debug|Any CPU.Build.0 = Debug|Any CPU
		{2ED9E5C6-6DBF-4B25-9490-92B93A5374ED}.Release|Any CPU.ActiveCfg = Release|Any CPU
		{2ED9E5C6-6DBF-4B25-9490-92B93A5374ED}.Release|Any CPU.Build.0 = Release|Any CPU
		{0660AFB9-3827-4BBA-A674-AA3049AAD293}.Debug|Any CPU.ActiveCfg = Debug|Any CPU
		{0660AFB9-3827-4BBA-A674-AA3049AAD293}.Debug|Any CPU.Build.0 = Debug|Any CPU
		{0660AFB9-3827-4BBA-A674-AA3049AAD293}.Release|Any CPU.ActiveCfg = Release|Any CPU
		{0660AFB9-3827-4BBA-A674-AA3049AAD293}.Release|Any CPU.Build.0 = Release|Any CPU
		{EABE8A1E-EE3B-473F-A22A-BA0C879A832C}.Debug|Any CPU.ActiveCfg = Debug|Any CPU
		{EABE8A1E-EE3B-473F-A22A-BA0C879A832C}.Debug|Any CPU.Build.0 = Debug|Any CPU
		{EABE8A1E-EE3B-473F-A22A-BA0C879A832C}.Release|Any CPU.ActiveCfg = Release|Any CPU
		{EABE8A1E-EE3B-473F-A22A-BA0C879A832C}.Release|Any CPU.Build.0 = Release|Any CPU
		{0F88B055-AD63-44DE-AD9B-E10F8F757BFB}.Debug|Any CPU.ActiveCfg = Debug|Any CPU
		{0F88B055-AD63-44DE-AD9B-E10F8F757BFB}.Debug|Any CPU.Build.0 = Debug|Any CPU
		{0F88B055-AD63-44DE-AD9B-E10F8F757BFB}.Release|Any CPU.ActiveCfg = Release|Any CPU
		{0F88B055-AD63-44DE-AD9B-E10F8F757BFB}.Release|Any CPU.Build.0 = Release|Any CPU
		{2F7AFADB-D4C7-4E45-9A79-1B7C84804BAE}.Debug|Any CPU.ActiveCfg = Debug|Any CPU
		{2F7AFADB-D4C7-4E45-9A79-1B7C84804BAE}.Debug|Any CPU.Build.0 = Debug|Any CPU
		{2F7AFADB-D4C7-4E45-9A79-1B7C84804BAE}.Release|Any CPU.ActiveCfg = Release|Any CPU
		{2F7AFADB-D4C7-4E45-9A79-1B7C84804BAE}.Release|Any CPU.Build.0 = Release|Any CPU
		{1B179880-12D6-4012-90B2-1E37056A290E}.Debug|Any CPU.ActiveCfg = Debug|Any CPU
		{1B179880-12D6-4012-90B2-1E37056A290E}.Debug|Any CPU.Build.0 = Debug|Any CPU
		{1B179880-12D6-4012-90B2-1E37056A290E}.Release|Any CPU.ActiveCfg = Release|Any CPU
		{1B179880-12D6-4012-90B2-1E37056A290E}.Release|Any CPU.Build.0 = Release|Any CPU
		{BDB71F55-AB3B-40BF-9232-4DAAA3545813}.Debug|Any CPU.ActiveCfg = Debug|Any CPU
		{BDB71F55-AB3B-40BF-9232-4DAAA3545813}.Debug|Any CPU.Build.0 = Debug|Any CPU
		{BDB71F55-AB3B-40BF-9232-4DAAA3545813}.Release|Any CPU.ActiveCfg = Release|Any CPU
		{BDB71F55-AB3B-40BF-9232-4DAAA3545813}.Release|Any CPU.Build.0 = Release|Any CPU
	EndGlobalSection
	GlobalSection(SolutionProperties) = preSolution
		HideSolutionNode = FALSE
	EndGlobalSection
	GlobalSection(ExtensibilityGlobals) = postSolution
		SolutionGuid = {3CAA9EF4-2B0F-456A-B9F5-EC50A32C75D7}
	EndGlobalSection
EndGlobal
